
Microsoft Visual Studio Solution File, Format Version 12.00
# Visual Studio Version 17
VisualStudioVersion = 17.5.33424.131
MinimumVisualStudioVersion = 10.0.40219.1
Project("{FAE04EC0-301F-11D3-BF4B-00C04F79EFBC}") = "CommuSidewalkAPI", "CommuSidewalkAPI\CommuSidewalkAPI.csproj", "{9018848D-80DE-4E40-BDF4-AF471C53EE16}"
EndProject
Global
	GlobalSection(SolutionConfigurationPlatforms) = preSolution
		Debug|Any CPU = Debug|Any CPU
		Release|Any CPU = Release|Any CPU
	EndGlobalSection
	GlobalSection(ProjectConfigurationPlatforms) = postSolution
		{9018848D-80DE-4E40-BDF4-AF471C53EE16}.Debug|Any CPU.ActiveCfg = Debug|Any CPU
		{9018848D-80DE-4E40-BDF4-AF471C53EE16}.Debug|Any CPU.Build.0 = Debug|Any CPU
		{9018848D-80DE-4E40-BDF4-AF471C53EE16}.Release|Any CPU.ActiveCfg = Release|Any CPU
		{9018848D-80DE-4E40-BDF4-AF471C53EE16}.Release|Any CPU.Build.0 = Release|Any CPU
	EndGlobalSection
	GlobalSection(SolutionProperties) = preSolution
		HideSolutionNode = FALSE
	EndGlobalSection
	GlobalSection(ExtensibilityGlobals) = postSolution
		SolutionGuid = {E0362AB0-CDD6-4D2E-8A7A-E3B827059BE2}
	EndGlobalSection
EndGlobal
